
Microsoft Visual Studio Solution File, Format Version 12.00
# Visual Studio Version 17
VisualStudioVersion = 17.5.33530.505
MinimumVisualStudioVersion = 10.0.40219.1
Project("{9A19103F-16F7-4668-BE54-9A1E7A4F7556}") = "HotelReservation.Infrastructure", "HotelReservation.Infrastructure\HotelReservation.Infrastructure.csproj", "{029E6ED3-21F5-4BC4-AA6D-82995005EBA8}"
EndProject
Project("{9A19103F-16F7-4668-BE54-9A1E7A4F7556}") = "HotelReservation.Core", "HotelReservation.Core\HotelReservation.Core.csproj", "{9AD1204F-BE55-4535-88D8-798BEA08C108}"
EndProject
Project("{9A19103F-16F7-4668-BE54-9A1E7A4F7556}") = "HotelReservation.Repository", "HotelReservation.Repository\HotelReservation.Repository.csproj", "{20965207-31A0-4AA2-9619-7C96DF4800F8}"
EndProject
Project("{9A19103F-16F7-4668-BE54-9A1E7A4F7556}") = "HotelReservation.Services", "HotelReservation.Services\HotelReservation.Services.csproj", "{EE97B427-088F-4E5F-9074-F6C22BADFA63}"
EndProject
Project("{FAE04EC0-301F-11D3-BF4B-00C04F79EFBC}") = "HotelReservationEndpoint", "HotelReservationEndpoint\HotelReservationEndpoint.csproj", "{87AA412E-A7AC-43B4-8F29-48D4F18E8F81}"
EndProject
Global
	GlobalSection(SolutionConfigurationPlatforms) = preSolution
		Debug|Any CPU = Debug|Any CPU
		Release|Any CPU = Release|Any CPU
	EndGlobalSection
	GlobalSection(ProjectConfigurationPlatforms) = postSolution
		{029E6ED3-21F5-4BC4-AA6D-82995005EBA8}.Debug|Any CPU.ActiveCfg = Debug|Any CPU
		{029E6ED3-21F5-4BC4-AA6D-82995005EBA8}.Debug|Any CPU.Build.0 = Debug|Any CPU
		{029E6ED3-21F5-4BC4-AA6D-82995005EBA8}.Release|Any CPU.ActiveCfg = Release|Any CPU
		{029E6ED3-21F5-4BC4-AA6D-82995005EBA8}.Release|Any CPU.Build.0 = Release|Any CPU
		{9AD1204F-BE55-4535-88D8-798BEA08C108}.Debug|Any CPU.ActiveCfg = Debug|Any CPU
		{9AD1204F-BE55-4535-88D8-798BEA08C108}.Debug|Any CPU.Build.0 = Debug|Any CPU
		{9AD1204F-BE55-4535-88D8-798BEA08C108}.Release|Any CPU.ActiveCfg = Release|Any CPU
		{9AD1204F-BE55-4535-88D8-798BEA08C108}.Release|Any CPU.Build.0 = Release|Any CPU
		{20965207-31A0-4AA2-9619-7C96DF4800F8}.Debug|Any CPU.ActiveCfg = Debug|Any CPU
		{20965207-31A0-4AA2-9619-7C96DF4800F8}.Debug|Any CPU.Build.0 = Debug|Any CPU
		{20965207-31A0-4AA2-9619-7C96DF4800F8}.Release|Any CPU.ActiveCfg = Release|Any CPU
		{20965207-31A0-4AA2-9619-7C96DF4800F8}.Release|Any CPU.Build.0 = Release|Any CPU
		{EE97B427-088F-4E5F-9074-F6C22BADFA63}.Debug|Any CPU.ActiveCfg = Debug|Any CPU
		{EE97B427-088F-4E5F-9074-F6C22BADFA63}.Debug|Any CPU.Build.0 = Debug|Any CPU
		{EE97B427-088F-4E5F-9074-F6C22BADFA63}.Release|Any CPU.ActiveCfg = Release|Any CPU
		{EE97B427-088F-4E5F-9074-F6C22BADFA63}.Release|Any CPU.Build.0 = Release|Any CPU
		{87AA412E-A7AC-43B4-8F29-48D4F18E8F81}.Debug|Any CPU.ActiveCfg = Debug|Any CPU
		{87AA412E-A7AC-43B4-8F29-48D4F18E8F81}.Debug|Any CPU.Build.0 = Debug|Any CPU
		{87AA412E-A7AC-43B4-8F29-48D4F18E8F81}.Release|Any CPU.ActiveCfg = Release|Any CPU
		{87AA412E-A7AC-43B4-8F29-48D4F18E8F81}.Release|Any CPU.Build.0 = Release|Any CPU
	EndGlobalSection
	GlobalSection(SolutionProperties) = preSolution
		HideSolutionNode = FALSE
	EndGlobalSection
	GlobalSection(ExtensibilityGlobals) = postSolution
		SolutionGuid = {D73AF061-89EF-43DB-89B6-BAE2EB3503AC}
	EndGlobalSection
EndGlobal
